
Microsoft Visual Studio Solution File, Format Version 12.00
# Visual Studio 15
VisualStudioVersion = 15.0.28307.757
MinimumVisualStudioVersion = 10.0.40219.1
Project("{2150E333-8FDC-42A3-9474-1A3956D46DE8}") = "Src", "Src", "{70D686C3-D4EF-4243-8E55-C38E35406EEB}"
EndProject
Project("{2150E333-8FDC-42A3-9474-1A3956D46DE8}") = "Tests", "Tests", "{BA5B7740-5501-4601-99A4-B41C8C3C7E02}"
EndProject
Project("{9A19103F-16F7-4668-BE54-9A1E7A4F7556}") = "Checkout.PaymentGateway.Host", "Src\Checkout.PaymentGateway.Host\Checkout.PaymentGateway.Host.csproj", "{A0E27A59-BD58-49C2-A180-DD84A2BBED2D}"
EndProject
Project("{9A19103F-16F7-4668-BE54-9A1E7A4F7556}") = "Checkout.PaymentGateway.Host.UnitTests", "Tests\Checkout.PaymentGateway.Host.UnitTests\Checkout.PaymentGateway.Host.UnitTests.csproj", "{98ACBBBC-A8E7-44BB-90A9-0BC65D910A14}"
EndProject
Project("{9A19103F-16F7-4668-BE54-9A1E7A4F7556}") = "Checkout.PaymentGateway.InMemoryTests", "Tests\Checkout.PaymentGateway.InMemoryTests\Checkout.PaymentGateway.InMemoryTests.csproj", "{27DECB91-BD9F-41B6-A6A9-20B73FDEBEB9}"
EndProject
Global
	GlobalSection(SolutionConfigurationPlatforms) = preSolution
		Debug|Any CPU = Debug|Any CPU
		Release|Any CPU = Release|Any CPU
	EndGlobalSection
	GlobalSection(ProjectConfigurationPlatforms) = postSolution
		{A0E27A59-BD58-49C2-A180-DD84A2BBED2D}.Debug|Any CPU.ActiveCfg = Debug|Any CPU
		{A0E27A59-BD58-49C2-A180-DD84A2BBED2D}.Debug|Any CPU.Build.0 = Debug|Any CPU
		{A0E27A59-BD58-49C2-A180-DD84A2BBED2D}.Release|Any CPU.ActiveCfg = Release|Any CPU
		{A0E27A59-BD58-49C2-A180-DD84A2BBED2D}.Release|Any CPU.Build.0 = Release|Any CPU
		{98ACBBBC-A8E7-44BB-90A9-0BC65D910A14}.Debug|Any CPU.ActiveCfg = Debug|Any CPU
		{98ACBBBC-A8E7-44BB-90A9-0BC65D910A14}.Debug|Any CPU.Build.0 = Debug|Any CPU
		{98ACBBBC-A8E7-44BB-90A9-0BC65D910A14}.Release|Any CPU.ActiveCfg = Release|Any CPU
		{98ACBBBC-A8E7-44BB-90A9-0BC65D910A14}.Release|Any CPU.Build.0 = Release|Any CPU
		{27DECB91-BD9F-41B6-A6A9-20B73FDEBEB9}.Debug|Any CPU.ActiveCfg = Debug|Any CPU
		{27DECB91-BD9F-41B6-A6A9-20B73FDEBEB9}.Debug|Any CPU.Build.0 = Debug|Any CPU
		{27DECB91-BD9F-41B6-A6A9-20B73FDEBEB9}.Release|Any CPU.ActiveCfg = Release|Any CPU
		{27DECB91-BD9F-41B6-A6A9-20B73FDEBEB9}.Release|Any CPU.Build.0 = Release|Any CPU
	EndGlobalSection
	GlobalSection(SolutionProperties) = preSolution
		HideSolutionNode = FALSE
	EndGlobalSection
	GlobalSection(NestedProjects) = preSolution
		{A0E27A59-BD58-49C2-A180-DD84A2BBED2D} = {70D686C3-D4EF-4243-8E55-C38E35406EEB}
		{98ACBBBC-A8E7-44BB-90A9-0BC65D910A14} = {BA5B7740-5501-4601-99A4-B41C8C3C7E02}
		{27DECB91-BD9F-41B6-A6A9-20B73FDEBEB9} = {BA5B7740-5501-4601-99A4-B41C8C3C7E02}
	EndGlobalSection
	GlobalSection(ExtensibilityGlobals) = postSolution
		SolutionGuid = {17A09097-9C0E-4A14-8473-14D70A01AB64}
	EndGlobalSection
EndGlobal
